
Microsoft Visual Studio Solution File, Format Version 12.00
# Visual Studio Version 17
VisualStudioVersion = 17.12.35514.174 d17.12
MinimumVisualStudioVersion = 10.0.40219.1
Project("{FAE04EC0-301F-11D3-BF4B-00C04F79EFBC}") = "Akasztofa", "Akasztofa\Akasztofa.csproj", "{DF0A9AAE-7970-49B8-8666-0E20FDE02D08}"
EndProject
Project("{FAE04EC0-301F-11D3-BF4B-00C04F79EFBC}") = "Data", "Data\Data.csproj", "{BD39DEE0-21AD-4C03-A7C7-DC55FC6AB382}"
EndProject
Global
	GlobalSection(SolutionConfigurationPlatforms) = preSolution
		Debug|Any CPU = Debug|Any CPU
		Release|Any CPU = Release|Any CPU
	EndGlobalSection
	GlobalSection(ProjectConfigurationPlatforms) = postSolution
		{DF0A9AAE-7970-49B8-8666-0E20FDE02D08}.Debug|Any CPU.ActiveCfg = Debug|Any CPU
		{DF0A9AAE-7970-49B8-8666-0E20FDE02D08}.Debug|Any CPU.Build.0 = Debug|Any CPU
		{DF0A9AAE-7970-49B8-8666-0E20FDE02D08}.Debug|Any CPU.Deploy.0 = Debug|Any CPU
		{DF0A9AAE-7970-49B8-8666-0E20FDE02D08}.Release|Any CPU.ActiveCfg = Release|Any CPU
		{DF0A9AAE-7970-49B8-8666-0E20FDE02D08}.Release|Any CPU.Build.0 = Release|Any CPU
		{BD39DEE0-21AD-4C03-A7C7-DC55FC6AB382}.Debug|Any CPU.ActiveCfg = Debug|Any CPU
		{BD39DEE0-21AD-4C03-A7C7-DC55FC6AB382}.Debug|Any CPU.Build.0 = Debug|Any CPU
		{BD39DEE0-21AD-4C03-A7C7-DC55FC6AB382}.Release|Any CPU.ActiveCfg = Release|Any CPU
		{BD39DEE0-21AD-4C03-A7C7-DC55FC6AB382}.Release|Any CPU.Build.0 = Release|Any CPU
	EndGlobalSection
	GlobalSection(SolutionProperties) = preSolution
		HideSolutionNode = FALSE
	EndGlobalSection
EndGlobal
